
Microsoft Visual Studio Solution File, Format Version 12.00
# Visual Studio 2013
VisualStudioVersion = 12.0.21005.1
MinimumVisualStudioVersion = 10.0.40219.1
Project("{FAE04EC0-301F-11D3-BF4B-00C04F79EFBC}") = "book_pro1", "book_pro1\book_pro1.csproj", "{99E1AC64-3DAC-4D47-BB8A-329DE3C7C48F}"
EndProject
Project("{FAE04EC0-301F-11D3-BF4B-00C04F79EFBC}") = "book_pro1.Tests", "book_pro1.Tests\book_pro1.Tests.csproj", "{14464A75-8F52-4B51-92CE-9898718AEBE7}"
EndProject
Global
	GlobalSection(SolutionConfigurationPlatforms) = preSolution
		Debug|Any CPU = Debug|Any CPU
		Release|Any CPU = Release|Any CPU
	EndGlobalSection
	GlobalSection(ProjectConfigurationPlatforms) = postSolution
		{99E1AC64-3DAC-4D47-BB8A-329DE3C7C48F}.Debug|Any CPU.ActiveCfg = Debug|Any CPU
		{99E1AC64-3DAC-4D47-BB8A-329DE3C7C48F}.Debug|Any CPU.Build.0 = Debug|Any CPU
		{99E1AC64-3DAC-4D47-BB8A-329DE3C7C48F}.Release|Any CPU.ActiveCfg = Release|Any CPU
		{99E1AC64-3DAC-4D47-BB8A-329DE3C7C48F}.Release|Any CPU.Build.0 = Release|Any CPU
		{14464A75-8F52-4B51-92CE-9898718AEBE7}.Debug|Any CPU.ActiveCfg = Debug|Any CPU
		{14464A75-8F52-4B51-92CE-9898718AEBE7}.Debug|Any CPU.Build.0 = Debug|Any CPU
		{14464A75-8F52-4B51-92CE-9898718AEBE7}.Release|Any CPU.ActiveCfg = Release|Any CPU
		{14464A75-8F52-4B51-92CE-9898718AEBE7}.Release|Any CPU.Build.0 = Release|Any CPU
	EndGlobalSection
	GlobalSection(SolutionProperties) = preSolution
		HideSolutionNode = FALSE
	EndGlobalSection
EndGlobal
